// !$*UTF8*$!
{
	archiveVersion = 1;
	classes = {
	};
	objectVersion = 55;
	objects = {

/* Begin PBXBuildFile section */
		EE5F5479289E8B1600F6C3D1 /* AppDelegate.swift in Sources */ = {isa = PBXBuildFile; fileRef = EE5F5478289E8B1600F6C3D1 /* AppDelegate.swift */; };
		EE5F547B289E8B1600F6C3D1 /* SceneDelegate.swift in Sources */ = {isa = PBXBuildFile; fileRef = EE5F547A289E8B1600F6C3D1 /* SceneDelegate.swift */; };
		EE5F547D289E8B1600F6C3D1 /* ViewController.swift in Sources */ = {isa = PBXBuildFile; fileRef = EE5F547C289E8B1600F6C3D1 /* ViewController.swift */; };
		EE5F5480289E8B1600F6C3D1 /* Main.storyboard in Resources */ = {isa = PBXBuildFile; fileRef = EE5F547E289E8B1600F6C3D1 /* Main.storyboard */; };
		EE5F5482289E8B1700F6C3D1 /* Assets.xcassets in Resources */ = {isa = PBXBuildFile; fileRef = EE5F5481289E8B1700F6C3D1 /* Assets.xcassets */; };
		EE5F5485289E8B1700F6C3D1 /* LaunchScreen.storyboard in Resources */ = {isa = PBXBuildFile; fileRef = EE5F5483289E8B1700F6C3D1 /* LaunchScreen.storyboard */; };
		EE5F5490289E8B1700F6C3D1 /* hspmkn2Tests.swift in Sources */ = {isa = PBXBuildFile; fileRef = EE5F548F289E8B1700F6C3D1 /* hspmkn2Tests.swift */; };
		EE5F549A289E8B1700F6C3D1 /* hspmkn2UITests.swift in Sources */ = {isa = PBXBuildFile; fileRef = EE5F5499289E8B1700F6C3D1 /* hspmkn2UITests.swift */; };
		EE5F549C289E8B1700F6C3D1 /* hspmkn2UITestsLaunchTests.swift in Sources */ = {isa = PBXBuildFile; fileRef = EE5F549B289E8B1700F6C3D1 /* hspmkn2UITestsLaunchTests.swift */; };
/* End PBXBuildFile section */

/* Begin PBXContainerItemProxy section */
		EE5F548C289E8B1700F6C3D1 /* PBXContainerItemProxy */ = {
			isa = PBXContainerItemProxy;
			containerPortal = EE5F546D289E8B1600F6C3D1 /* Project object */;
			proxyType = 1;
			remoteGlobalIDString = EE5F5474289E8B1600F6C3D1;
			remoteInfo = hspmkn2;
		};
		EE5F5496289E8B1700F6C3D1 /* PBXContainerItemProxy */ = {
			isa = PBXContainerItemProxy;
			containerPortal = EE5F546D289E8B1600F6C3D1 /* Project object */;
			proxyType = 1;
			remoteGlobalIDString = EE5F5474289E8B1600F6C3D1;
			remoteInfo = hspmkn2;
		};
/* End PBXContainerItemProxy section */

/* Begin PBXFileReference section */
		EE5F5475289E8B1600F6C3D1 /* hspmkn2.app */ = {isa = PBXFileReference; explicitFileType = wrapper.application; includeInIndex = 0; path = hspmkn2.app; sourceTree = BUILT_PRODUCTS_DIR; };
		EE5F5478289E8B1600F6C3D1 /* AppDelegate.swift */ = {isa = PBXFileReference; lastKnownFileType = sourcecode.swift; path = AppDelegate.swift; sourceTree = "<group>"; };
		EE5F547A289E8B1600F6C3D1 /* SceneDelegate.swift */ = {isa = PBXFileReference; lastKnownFileType = sourcecode.swift; path = SceneDelegate.swift; sourceTree = "<group>"; };
		EE5F547C289E8B1600F6C3D1 /* ViewController.swift */ = {isa = PBXFileReference; lastKnownFileType = sourcecode.swift; path = ViewController.swift; sourceTree = "<group>"; };
		EE5F547F289E8B1600F6C3D1 /* Base */ = {isa = PBXFileReference; lastKnownFileType = file.storyboard; name = Base; path = Base.lproj/Main.storyboard; sourceTree = "<group>"; };
		EE5F5481289E8B1700F6C3D1 /* Assets.xcassets */ = {isa = PBXFileReference; lastKnownFileType = folder.assetcatalog; path = Assets.xcassets; sourceTree = "<group>"; };
		EE5F5484289E8B1700F6C3D1 /* Base */ = {isa = PBXFileReference; lastKnownFileType = file.storyboard; name = Base; path = Base.lproj/LaunchScreen.storyboard; sourceTree = "<group>"; };
		EE5F5486289E8B1700F6C3D1 /* Info.plist */ = {isa = PBXFileReference; lastKnownFileType = text.plist.xml; path = Info.plist; sourceTree = "<group>"; };
		EE5F548B289E8B1700F6C3D1 /* hspmkn2Tests.xctest */ = {isa = PBXFileReference; explicitFileType = wrapper.cfbundle; includeInIndex = 0; path = hspmkn2Tests.xctest; sourceTree = BUILT_PRODUCTS_DIR; };
		EE5F548F289E8B1700F6C3D1 /* hspmkn2Tests.swift */ = {isa = PBXFileReference; lastKnownFileType = sourcecode.swift; path = hspmkn2Tests.swift; sourceTree = "<group>"; };
		EE5F5495289E8B1700F6C3D1 /* hspmkn2UITests.xctest */ = {isa = PBXFileReference; explicitFileType = wrapper.cfbundle; includeInIndex = 0; path = hspmkn2UITests.xctest; sourceTree = BUILT_PRODUCTS_DIR; };
		EE5F5499289E8B1700F6C3D1 /* hspmkn2UITests.swift */ = {isa = PBXFileReference; lastKnownFileType = sourcecode.swift; path = hspmkn2UITests.swift; sourceTree = "<group>"; };
		EE5F549B289E8B1700F6C3D1 /* hspmkn2UITestsLaunchTests.swift */ = {isa = PBXFileReference; lastKnownFileType = sourcecode.swift; path = hspmkn2UITestsLaunchTests.swift; sourceTree = "<group>"; };
/* End PBXFileReference section */

/* Begin PBXFrameworksBuildPhase section */
		EE5F5472289E8B1600F6C3D1 /* Frameworks */ = {
			isa = PBXFrameworksBuildPhase;
			buildActionMask = 2147483647;
			files = (
			);
			runOnlyForDeploymentPostprocessing = 0;
		};
		EE5F5488289E8B1700F6C3D1 /* Frameworks */ = {
			isa = PBXFrameworksBuildPhase;
			buildActionMask = 2147483647;
			files = (
			);
			runOnlyForDeploymentPostprocessing = 0;
		};
		EE5F5492289E8B1700F6C3D1 /* Frameworks */ = {
			isa = PBXFrameworksBuildPhase;
			buildActionMask = 2147483647;
			files = (
			);
			runOnlyForDeploymentPostprocessing = 0;
		};
/* End PBXFrameworksBuildPhase section */

/* Begin PBXGroup section */
		EE5F546C289E8B1600F6C3D1 = {
			isa = PBXGroup;
			children = (
				EE5F5477289E8B1600F6C3D1 /* hspmkn2 */,
				EE5F548E289E8B1700F6C3D1 /* hspmkn2Tests */,
				EE5F5498289E8B1700F6C3D1 /* hspmkn2UITests */,
				EE5F5476289E8B1600F6C3D1 /* Products */,
			);
			sourceTree = "<group>";
		};
		EE5F5476289E8B1600F6C3D1 /* Products */ = {
			isa = PBXGroup;
			children = (
				EE5F5475289E8B1600F6C3D1 /* hspmkn2.app */,
				EE5F548B289E8B1700F6C3D1 /* hspmkn2Tests.xctest */,
				EE5F5495289E8B1700F6C3D1 /* hspmkn2UITests.xctest */,
			);
			name = Products;
			sourceTree = "<group>";
		};
		EE5F5477289E8B1600F6C3D1 /* hspmkn2 */ = {
			isa = PBXGroup;
			children = (
				EE5F5478289E8B1600F6C3D1 /* AppDelegate.swift */,
				EE5F547A289E8B1600F6C3D1 /* SceneDelegate.swift */,
				EE5F547C289E8B1600F6C3D1 /* ViewController.swift */,
				EE5F547E289E8B1600F6C3D1 /* Main.storyboard */,
				EE5F5481289E8B1700F6C3D1 /* Assets.xcassets */,
				EE5F5483289E8B1700F6C3D1 /* LaunchScreen.storyboard */,
				EE5F5486289E8B1700F6C3D1 /* Info.plist */,
			);
			path = hspmkn2;
			sourceTree = "<group>";
		};
		EE5F548E289E8B1700F6C3D1 /* hspmkn2Tests */ = {
			isa = PBXGroup;
			children = (
				EE5F548F289E8B1700F6C3D1 /* hspmkn2Tests.swift */,
			);
			path = hspmkn2Tests;
			sourceTree = "<group>";
		};
		EE5F5498289E8B1700F6C3D1 /* hspmkn2UITests */ = {
			isa = PBXGroup;
			children = (
				EE5F5499289E8B1700F6C3D1 /* hspmkn2UITests.swift */,
				EE5F549B289E8B1700F6C3D1 /* hspmkn2UITestsLaunchTests.swift */,
			);
			path = hspmkn2UITests;
			sourceTree = "<group>";
		};
/* End PBXGroup section */

/* Begin PBXNativeTarget section */
		EE5F5474289E8B1600F6C3D1 /* hspmkn2 */ = {
			isa = PBXNativeTarget;
			buildConfigurationList = EE5F549F289E8B1700F6C3D1 /* Build configuration list for PBXNativeTarget "hspmkn2" */;
			buildPhases = (
				EE5F5471289E8B1600F6C3D1 /* Sources */,
				EE5F5472289E8B1600F6C3D1 /* Frameworks */,
				EE5F5473289E8B1600F6C3D1 /* Resources */,
			);
			buildRules = (
			);
			dependencies = (
			);
			name = hspmkn2;
			productName = hspmkn2;
			productReference = EE5F5475289E8B1600F6C3D1 /* hspmkn2.app */;
			productType = "com.apple.product-type.application";
		};
		EE5F548A289E8B1700F6C3D1 /* hspmkn2Tests */ = {
			isa = PBXNativeTarget;
			buildConfigurationList = EE5F54A2289E8B1700F6C3D1 /* Build configuration list for PBXNativeTarget "hspmkn2Tests" */;
			buildPhases = (
				EE5F5487289E8B1700F6C3D1 /* Sources */,
				EE5F5488289E8B1700F6C3D1 /* Frameworks */,
				EE5F5489289E8B1700F6C3D1 /* Resources */,
			);
			buildRules = (
			);
			dependencies = (
				EE5F548D289E8B1700F6C3D1 /* PBXTargetDependency */,
			);
			name = hspmkn2Tests;
			productName = hspmkn2Tests;
			productReference = EE5F548B289E8B1700F6C3D1 /* hspmkn2Tests.xctest */;
			productType = "com.apple.product-type.bundle.unit-test";
		};
		EE5F5494289E8B1700F6C3D1 /* hspmkn2UITests */ = {
			isa = PBXNativeTarget;
			buildConfigurationList = EE5F54A5289E8B1700F6C3D1 /* Build configuration list for PBXNativeTarget "hspmkn2UITests" */;
			buildPhases = (
				EE5F5491289E8B1700F6C3D1 /* Sources */,
				EE5F5492289E8B1700F6C3D1 /* Frameworks */,
				EE5F5493289E8B1700F6C3D1 /* Resources */,
			);
			buildRules = (
			);
			dependencies = (
				EE5F5497289E8B1700F6C3D1 /* PBXTargetDependency */,
			);
			name = hspmkn2UITests;
			productName = hspmkn2UITests;
			productReference = EE5F5495289E8B1700F6C3D1 /* hspmkn2UITests.xctest */;
			productType = "com.apple.product-type.bundle.ui-testing";
		};
/* End PBXNativeTarget section */

/* Begin PBXProject section */
		EE5F546D289E8B1600F6C3D1 /* Project object */ = {
			isa = PBXProject;
			attributes = {
				BuildIndependentTargetsInParallel = 1;
				LastSwiftUpdateCheck = 1340;
				LastUpgradeCheck = 1340;
				TargetAttributes = {
					EE5F5474289E8B1600F6C3D1 = {
						CreatedOnToolsVersion = 13.4.1;
					};
					EE5F548A289E8B1700F6C3D1 = {
						CreatedOnToolsVersion = 13.4.1;
						TestTargetID = EE5F5474289E8B1600F6C3D1;
					};
					EE5F5494289E8B1700F6C3D1 = {
						CreatedOnToolsVersion = 13.4.1;
						TestTargetID = EE5F5474289E8B1600F6C3D1;
					};
				};
			};
			buildConfigurationList = EE5F5470289E8B1600F6C3D1 /* Build configuration list for PBXProject "hspmkn2" */;
			compatibilityVersion = "Xcode 13.0";
			developmentRegion = en;
			hasScannedForEncodings = 0;
			knownRegions = (
				en,
				Base,
			);
			mainGroup = EE5F546C289E8B1600F6C3D1;
			productRefGroup = EE5F5476289E8B1600F6C3D1 /* Products */;
			projectDirPath = "";
			projectRoot = "";
			targets = (
				EE5F5474289E8B1600F6C3D1 /* hspmkn2 */,
				EE5F548A289E8B1700F6C3D1 /* hspmkn2Tests */,
				EE5F5494289E8B1700F6C3D1 /* hspmkn2UITests */,
			);
		};
/* End PBXProject section */

/* Begin PBXResourcesBuildPhase section */
		EE5F5473289E8B1600F6C3D1 /* Resources */ = {
			isa = PBXResourcesBuildPhase;
			buildActionMask = 2147483647;
			files = (
				EE5F5485289E8B1700F6C3D1 /* LaunchScreen.storyboard in Resources */,
				EE5F5482289E8B1700F6C3D1 /* Assets.xcassets in Resources */,
				EE5F5480289E8B1600F6C3D1 /* Main.storyboard in Resources */,
			);
			runOnlyForDeploymentPostprocessing = 0;
		};
		EE5F5489289E8B1700F6C3D1 /* Resources */ = {
			isa = PBXResourcesBuildPhase;
			buildActionMask = 2147483647;
			files = (
			);
			runOnlyForDeploymentPostprocessing = 0;
		};
		EE5F5493289E8B1700F6C3D1 /* Resources */ = {
			isa = PBXResourcesBuildPhase;
			buildActionMask = 2147483647;
			files = (
			);
			runOnlyForDeploymentPostprocessing = 0;
		};
/* End PBXResourcesBuildPhase section */

/* Begin PBXSourcesBuildPhase section */
		EE5F5471289E8B1600F6C3D1 /* Sources */ = {
			isa = PBXSourcesBuildPhase;
			buildActionMask = 2147483647;
			files = (
				EE5F547D289E8B1600F6C3D1 /* ViewController.swift in Sources */,
				EE5F5479289E8B1600F6C3D1 /* AppDelegate.swift in Sources */,
				EE5F547B289E8B1600F6C3D1 /* SceneDelegate.swift in Sources */,
			);
			runOnlyForDeploymentPostprocessing = 0;
		};
		EE5F5487289E8B1700F6C3D1 /* Sources */ = {
			isa = PBXSourcesBuildPhase;
			buildActionMask = 2147483647;
			files = (
				EE5F5490289E8B1700F6C3D1 /* hspmkn2Tests.swift in Sources */,
			);
			runOnlyForDeploymentPostprocessing = 0;
		};
		EE5F5491289E8B1700F6C3D1 /* Sources */ = {
			isa = PBXSourcesBuildPhase;
			buildActionMask = 2147483647;
			files = (
				EE5F549C289E8B1700F6C3D1 /* hspmkn2UITestsLaunchTests.swift in Sources */,
				EE5F549A289E8B1700F6C3D1 /* hspmkn2UITests.swift in Sources */,
			);
			runOnlyForDeploymentPostprocessing = 0;
		};
/* End PBXSourcesBuildPhase section */

/* Begin PBXTargetDependency section */
		EE5F548D289E8B1700F6C3D1 /* PBXTargetDependency */ = {
			isa = PBXTargetDependency;
			target = EE5F5474289E8B1600F6C3D1 /* hspmkn2 */;
			targetProxy = EE5F548C289E8B1700F6C3D1 /* PBXContainerItemProxy */;
		};
		EE5F5497289E8B1700F6C3D1 /* PBXTargetDependency */ = {
			isa = PBXTargetDependency;
			target = EE5F5474289E8B1600F6C3D1 /* hspmkn2 */;
			targetProxy = EE5F5496289E8B1700F6C3D1 /* PBXContainerItemProxy */;
		};
/* End PBXTargetDependency section */

/* Begin PBXVariantGroup section */
		EE5F547E289E8B1600F6C3D1 /* Main.storyboard */ = {
			isa = PBXVariantGroup;
			children = (
				EE5F547F289E8B1600F6C3D1 /* Base */,
			);
			name = Main.storyboard;
			sourceTree = "<group>";
		};
		EE5F5483289E8B1700F6C3D1 /* LaunchScreen.storyboard */ = {
			isa = PBXVariantGroup;
			children = (
				EE5F5484289E8B1700F6C3D1 /* Base */,
			);
			name = LaunchScreen.storyboard;
			sourceTree = "<group>";
		};
/* End PBXVariantGroup section */

/* Begin XCBuildConfiguration section */
		EE5F549D289E8B1700F6C3D1 /* Debug */ = {
			isa = XCBuildConfiguration;
			buildSettings = {
				ALWAYS_SEARCH_USER_PATHS = NO;
				CLANG_ANALYZER_NONNULL = YES;
				CLANG_ANALYZER_NUMBER_OBJECT_CONVERSION = YES_AGGRESSIVE;
				CLANG_CXX_LANGUAGE_STANDARD = "gnu++17";
				CLANG_ENABLE_MODULES = YES;
				CLANG_ENABLE_OBJC_ARC = YES;
				CLANG_ENABLE_OBJC_WEAK = YES;
				CLANG_WARN_BLOCK_CAPTURE_AUTORELEASING = YES;
				CLANG_WARN_BOOL_CONVERSION = YES;
				CLANG_WARN_COMMA = YES;
				CLANG_WARN_CONSTANT_CONVERSION = YES;
				CLANG_WARN_DEPRECATED_OBJC_IMPLEMENTATIONS = YES;
				CLANG_WARN_DIRECT_OBJC_ISA_USAGE = YES_ERROR;
				CLANG_WARN_DOCUMENTATION_COMMENTS = YES;
				CLANG_WARN_EMPTY_BODY = YES;
				CLANG_WARN_ENUM_CONVERSION = YES;
				CLANG_WARN_INFINITE_RECURSION = YES;
				CLANG_WARN_INT_CONVERSION = YES;
				CLANG_WARN_NON_LITERAL_NULL_CONVERSION = YES;
				CLANG_WARN_OBJC_IMPLICIT_RETAIN_SELF = YES;
				CLANG_WARN_OBJC_LITERAL_CONVERSION = YES;
				CLANG_WARN_OBJC_ROOT_CLASS = YES_ERROR;
				CLANG_WARN_QUOTED_INCLUDE_IN_FRAMEWORK_HEADER = YES;
				CLANG_WARN_RANGE_LOOP_ANALYSIS = YES;
				CLANG_WARN_STRICT_PROTOTYPES = YES;
				CLANG_WARN_SUSPICIOUS_MOVE = YES;
				CLANG_WARN_UNGUARDED_AVAILABILITY = YES_AGGRESSIVE;
				CLANG_WARN_UNREACHABLE_CODE = YES;
				CLANG_WARN__DUPLICATE_METHOD_MATCH = YES;
				COPY_PHASE_STRIP = NO;
				DEBUG_INFORMATION_FORMAT = dwarf;
				ENABLE_STRICT_OBJC_MSGSEND = YES;
				ENABLE_TESTABILITY = YES;
				GCC_C_LANGUAGE_STANDARD = gnu11;
				GCC_DYNAMIC_NO_PIC = NO;
				GCC_NO_COMMON_BLOCKS = YES;
				GCC_OPTIMIZATION_LEVEL = 0;
				GCC_PREPROCESSOR_DEFINITIONS = (
					"DEBUG=1",
					"$(inherited)",
				);
				GCC_WARN_64_TO_32_BIT_CONVERSION = YES;
				GCC_WARN_ABOUT_RETURN_TYPE = YES_ERROR;
				GCC_WARN_UNDECLARED_SELECTOR = YES;
				GCC_WARN_UNINITIALIZED_AUTOS = YES_AGGRESSIVE;
				GCC_WARN_UNUSED_FUNCTION = YES;
				GCC_WARN_UNUSED_VARIABLE = YES;
				IPHONEOS_DEPLOYMENT_TARGET = 15.5;
				MTL_ENABLE_DEBUG_INFO = INCLUDE_SOURCE;
				MTL_FAST_MATH = YES;
				ONLY_ACTIVE_ARCH = YES;
				SDKROOT = iphoneos;
				SWIFT_ACTIVE_COMPILATION_CONDITIONS = DEBUG;
				SWIFT_OPTIMIZATION_LEVEL = "-Onone";
			};
			name = Debug;
		};
		EE5F549E289E8B1700F6C3D1 /* Release */ = {
			isa = XCBuildConfiguration;
			buildSettings = {
				ALWAYS_SEARCH_USER_PATHS = NO;
				CLANG_ANALYZER_NONNULL = YES;
				CLANG_ANALYZER_NUMBER_OBJECT_CONVERSION = YES_AGGRESSIVE;
				CLANG_CXX_LANGUAGE_STANDARD = "gnu++17";
				CLANG_ENABLE_MODULES = YES;
				CLANG_ENABLE_OBJC_ARC = YES;
				CLANG_ENABLE_OBJC_WEAK = YES;
				CLANG_WARN_BLOCK_CAPTURE_AUTORELEASING = YES;
				CLANG_WARN_BOOL_CONVERSION = YES;
				CLANG_WARN_COMMA = YES;
				CLANG_WARN_CONSTANT_CONVERSION = YES;
				CLANG_WARN_DEPRECATED_OBJC_IMPLEMENTATIONS = YES;
				CLANG_WARN_DIRECT_OBJC_ISA_USAGE = YES_ERROR;
				CLANG_WARN_DOCUMENTATION_COMMENTS = YES;
				CLANG_WARN_EMPTY_BODY = YES;
				CLANG_WARN_ENUM_CONVERSION = YES;
				CLANG_WARN_INFINITE_RECURSION = YES;
				CLANG_WARN_INT_CONVERSION = YES;
				CLANG_WARN_NON_LITERAL_NULL_CONVERSION = YES;
				CLANG_WARN_OBJC_IMPLICIT_RETAIN_SELF = YES;
				CLANG_WARN_OBJC_LITERAL_CONVERSION = YES;
				CLANG_WARN_OBJC_ROOT_CLASS = YES_ERROR;
				CLANG_WARN_QUOTED_INCLUDE_IN_FRAMEWORK_HEADER = YES;
				CLANG_WARN_RANGE_LOOP_ANALYSIS = YES;
				CLANG_WARN_STRICT_PROTOTYPES = YES;
				CLANG_WARN_SUSPICIOUS_MOVE = YES;
				CLANG_WARN_UNGUARDED_AVAILABILITY = YES_AGGRESSIVE;
				CLANG_WARN_UNREACHABLE_CODE = YES;
				CLANG_WARN__DUPLICATE_METHOD_MATCH = YES;
				COPY_PHASE_STRIP = NO;
				DEBUG_INFORMATION_FORMAT = "dwarf-with-dsym";
				ENABLE_NS_ASSERTIONS = NO;
				ENABLE_STRICT_OBJC_MSGSEND = YES;
				GCC_C_LANGUAGE_STANDARD = gnu11;
				GCC_NO_COMMON_BLOCKS = YES;
				GCC_WARN_64_TO_32_BIT_CONVERSION = YES;
				GCC_WARN_ABOUT_RETURN_TYPE = YES_ERROR;
				GCC_WARN_UNDECLARED_SELECTOR = YES;
				GCC_WARN_UNINITIALIZED_AUTOS = YES_AGGRESSIVE;
				GCC_WARN_UNUSED_FUNCTION = YES;
				GCC_WARN_UNUSED_VARIABLE = YES;
				IPHONEOS_DEPLOYMENT_TARGET = 15.5;
				MTL_ENABLE_DEBUG_INFO = NO;
				MTL_FAST_MATH = YES;
				SDKROOT = iphoneos;
				SWIFT_COMPILATION_MODE = wholemodule;
				SWIFT_OPTIMIZATION_LEVEL = "-O";
				VALIDATE_PRODUCT = YES;
			};
			name = Release;
		};
		EE5F54A0289E8B1700F6C3D1 /* Debug */ = {
			isa = XCBuildConfiguration;
			buildSettings = {
				ASSETCATALOG_COMPILER_APPICON_NAME = AppIcon;
				ASSETCATALOG_COMPILER_GLOBAL_ACCENT_COLOR_NAME = AccentColor;
				CODE_SIGN_STYLE = Automatic;
				CURRENT_PROJECT_VERSION = 1;
				DEVELOPMENT_TEAM = 2YA4AY6W79;
				GENERATE_INFOPLIST_FILE = YES;
				INFOPLIST_FILE = hspmkn2/Info.plist;
				INFOPLIST_KEY_UIApplicationSupportsIndirectInputEvents = YES;
				INFOPLIST_KEY_UILaunchStoryboardName = LaunchScreen;
				INFOPLIST_KEY_UIMainStoryboardFile = Main;
				INFOPLIST_KEY_UISupportedInterfaceOrientations_iPad = "UIInterfaceOrientationPortrait UIInterfaceOrientationPortraitUpsideDown UIInterfaceOrientationLandscapeLeft UIInterfaceOrientationLandscapeRight";
				INFOPLIST_KEY_UISupportedInterfaceOrientations_iPhone = "UIInterfaceOrientationPortrait UIInterfaceOrientationLandscapeLeft UIInterfaceOrientationLandscapeRight";
				LD_RUNPATH_SEARCH_PATHS = (
					"$(inherited)",
					"@executable_path/Frameworks",
				);
				MARKETING_VERSION = 1.0;
				PRODUCT_BUNDLE_IDENTIFIER = com.sinem.hspmkn2;
				PRODUCT_NAME = "$(TARGET_NAME)";
				SWIFT_EMIT_LOC_STRINGS = YES;
				SWIFT_VERSION = 5.0;
				TARGETED_DEVICE_FAMILY = "1,2";
			};
			name = Debug;
		};
		EE5F54A1289E8B1700F6C3D1 /* Release */ = {
			isa = XCBuildConfiguration;
			buildSettings = {
				ASSETCATALOG_COMPILER_APPICON_NAME = AppIcon;
				ASSETCATALOG_COMPILER_GLOBAL_ACCENT_COLOR_NAME = AccentColor;
				CODE_SIGN_STYLE = Automatic;
				CURRENT_PROJECT_VERSION = 1;
				DEVELOPMENT_TEAM = 2YA4AY6W79;
				GENERATE_INFOPLIST_FILE = YES;
				INFOPLIST_FILE = hspmkn2/Info.plist;
				INFOPLIST_KEY_UIApplicationSupportsIndirectInputEvents = YES;
				INFOPLIST_KEY_UILaunchStoryboardName = LaunchScreen;
				INFOPLIST_KEY_UIMainStoryboardFile = Main;
				INFOPLIST_KEY_UISupportedInterfaceOrientations_iPad = "UIInterfaceOrientationPortrait UIInterfaceOrientationPortraitUpsideDown UIInterfaceOrientationLandscapeLeft UIInterfaceOrientationLandscapeRight";
				INFOPLIST_KEY_UISupportedInterfaceOrientations_iPhone = "UIInterfaceOrientationPortrait UIInterfaceOrientationLandscapeLeft UIInterfaceOrientationLandscapeRight";
				LD_RUNPATH_SEARCH_PATHS = (
					"$(inherited)",
					"@executable_path/Frameworks",
				);
				MARKETING_VERSION = 1.0;
				PRODUCT_BUNDLE_IDENTIFIER = com.sinem.hspmkn2;
				PRODUCT_NAME = "$(TARGET_NAME)";
				SWIFT_EMIT_LOC_STRINGS = YES;
				SWIFT_VERSION = 5.0;
				TARGETED_DEVICE_FAMILY = "1,2";
			};
			name = Release;
		};
		EE5F54A3289E8B1700F6C3D1 /* Debug */ = {
			isa = XCBuildConfiguration;
			buildSettings = {
				ALWAYS_EMBED_SWIFT_STANDARD_LIBRARIES = YES;
				BUNDLE_LOADER = "$(TEST_HOST)";
				CODE_SIGN_STYLE = Automatic;
				CURRENT_PROJECT_VERSION = 1;
				DEVELOPMENT_TEAM = 2YA4AY6W79;
				GENERATE_INFOPLIST_FILE = YES;
				IPHONEOS_DEPLOYMENT_TARGET = 15.5;
				MARKETING_VERSION = 1.0;
				PRODUCT_BUNDLE_IDENTIFIER = com.sinem.hspmkn2Tests;
				PRODUCT_NAME = "$(TARGET_NAME)";
				SWIFT_EMIT_LOC_STRINGS = NO;
				SWIFT_VERSION = 5.0;
				TARGETED_DEVICE_FAMILY = "1,2";
				TEST_HOST = "$(BUILT_PRODUCTS_DIR)/hspmkn2.app/hspmkn2";
			};
			name = Debug;
		};
		EE5F54A4289E8B1700F6C3D1 /* Release */ = {
			isa = XCBuildConfiguration;
			buildSettings = {
				ALWAYS_EMBED_SWIFT_STANDARD_LIBRARIES = YES;
				BUNDLE_LOADER = "$(TEST_HOST)";
				CODE_SIGN_STYLE = Automatic;
				CURRENT_PROJECT_VERSION = 1;
				DEVELOPMENT_TEAM = 2YA4AY6W79;
				GENERATE_INFOPLIST_FILE = YES;
				IPHONEOS_DEPLOYMENT_TARGET = 15.5;
				MARKETING_VERSION = 1.0;
				PRODUCT_BUNDLE_IDENTIFIER = com.sinem.hspmkn2Tests;
				PRODUCT_NAME = "$(TARGET_NAME)";
				SWIFT_EMIT_LOC_STRINGS = NO;
				SWIFT_VERSION = 5.0;
				TARGETED_DEVICE_FAMILY = "1,2";
				TEST_HOST = "$(BUILT_PRODUCTS_DIR)/hspmkn2.app/hspmkn2";
			};
			name = Release;
		};
		EE5F54A6289E8B1700F6C3D1 /* Debug */ = {
			isa = XCBuildConfiguration;
			buildSettings = {
				ALWAYS_EMBED_SWIFT_STANDARD_LIBRARIES = YES;
				CODE_SIGN_STYLE = Automatic;
				CURRENT_PROJECT_VERSION = 1;
				DEVELOPMENT_TEAM = 2YA4AY6W79;
				GENERATE_INFOPLIST_FILE = YES;
				MARKETING_VERSION = 1.0;
				PRODUCT_BUNDLE_IDENTIFIER = com.sinem.hspmkn2UITests;
				PRODUCT_NAME = "$(TARGET_NAME)";
				SWIFT_EMIT_LOC_STRINGS = NO;
				SWIFT_VERSION = 5.0;
				TARGETED_DEVICE_FAMILY = "1,2";
				TEST_TARGET_NAME = hspmkn2;
			};
			name = Debug;
		};
		EE5F54A7289E8B1700F6C3D1 /* Release */ = {
			isa = XCBuildConfiguration;
			buildSettings = {
				ALWAYS_EMBED_SWIFT_STANDARD_LIBRARIES = YES;
				CODE_SIGN_STYLE = Automatic;
				CURRENT_PROJECT_VERSION = 1;
				DEVELOPMENT_TEAM = 2YA4AY6W79;
				GENERATE_INFOPLIST_FILE = YES;
				MARKETING_VERSION = 1.0;
				PRODUCT_BUNDLE_IDENTIFIER = com.sinem.hspmkn2UITests;
				PRODUCT_NAME = "$(TARGET_NAME)";
				SWIFT_EMIT_LOC_STRINGS = NO;
				SWIFT_VERSION = 5.0;
				TARGETED_DEVICE_FAMILY = "1,2";
				TEST_TARGET_NAME = hspmkn2;
			};
			name = Release;
		};
/* End XCBuildConfiguration section */

/* Begin XCConfigurationList section */
		EE5F5470289E8B1600F6C3D1 /* Build configuration list for PBXProject "hspmkn2" */ = {
			isa = XCConfigurationList;
			buildConfigurations = (
				EE5F549D289E8B1700F6C3D1 /* Debug */,
				EE5F549E289E8B1700F6C3D1 /* Release */,
			);
			defaultConfigurationIsVisible = 0;
			defaultConfigurationName = Release;
		};
		EE5F549F289E8B1700F6C3D1 /* Build configuration list for PBXNativeTarget "hspmkn2" */ = {
			isa = XCConfigurationList;
			buildConfigurations = (
				EE5F54A0289E8B1700F6C3D1 /* Debug */,
				EE5F54A1289E8B1700F6C3D1 /* Release */,
			);
			defaultConfigurationIsVisible = 0;
			defaultConfigurationName = Release;
		};
		EE5F54A2289E8B1700F6C3D1 /* Build configuration list for PBXNativeTarget "hspmkn2Tests" */ = {
			isa = XCConfigurationList;
			buildConfigurations = (
				EE5F54A3289E8B1700F6C3D1 /* Debug */,
				EE5F54A4289E8B1700F6C3D1 /* Release */,
			);
			defaultConfigurationIsVisible = 0;
			defaultConfigurationName = Release;
		};
		EE5F54A5289E8B1700F6C3D1 /* Build configuration list for PBXNativeTarget "hspmkn2UITests" */ = {
			isa = XCConfigurationList;
			buildConfigurations = (
				EE5F54A6289E8B1700F6C3D1 /* Debug */,
				EE5F54A7289E8B1700F6C3D1 /* Release */,
			);
			defaultConfigurationIsVisible = 0;
			defaultConfigurationName = Release;
		};
/* End XCConfigurationList section */
	};
	rootObject = EE5F546D289E8B1600F6C3D1 /* Project object */;
}
